
Microsoft Visual Studio Solution File, Format Version 12.00
# Visual Studio Version 16
VisualStudioVersion = 16.0.29424.173
MinimumVisualStudioVersion = 10.0.40219.1
Project("{9A19103F-16F7-4668-BE54-9A1E7A4F7556}") = "SimpleTesting", "SimpleTesting.csproj", "{91D7A245-2611-428E-8851-86C12B96D5EC}"
EndProject
Project("{9A19103F-16F7-4668-BE54-9A1E7A4F7556}") = "SimpleTesting.Interface", "..\SimpleTesting.Interface\SimpleTesting.Interface.csproj", "{AC9B9FAC-9120-4C42-9772-CE81F06627ED}"
EndProject
Project("{FAE04EC0-301F-11D3-BF4B-00C04F79EFBC}") = "SampleTestProject", "..\SampleTestProject\SampleTestProject.csproj", "{B380F27A-1D2E-4829-ADFD-0CCB3255C654}"
EndProject
Global
	GlobalSection(SolutionConfigurationPlatforms) = preSolution
		Debug|Any CPU = Debug|Any CPU
		Release|Any CPU = Release|Any CPU
	EndGlobalSection
	GlobalSection(ProjectConfigurationPlatforms) = postSolution
		{91D7A245-2611-428E-8851-86C12B96D5EC}.Debug|Any CPU.ActiveCfg = Debug|Any CPU
		{91D7A245-2611-428E-8851-86C12B96D5EC}.Debug|Any CPU.Build.0 = Debug|Any CPU
		{91D7A245-2611-428E-8851-86C12B96D5EC}.Release|Any CPU.ActiveCfg = Release|Any CPU
		{91D7A245-2611-428E-8851-86C12B96D5EC}.Release|Any CPU.Build.0 = Release|Any CPU
		{AC9B9FAC-9120-4C42-9772-CE81F06627ED}.Debug|Any CPU.ActiveCfg = Debug|Any CPU
		{AC9B9FAC-9120-4C42-9772-CE81F06627ED}.Debug|Any CPU.Build.0 = Debug|Any CPU
		{AC9B9FAC-9120-4C42-9772-CE81F06627ED}.Release|Any CPU.ActiveCfg = Release|Any CPU
		{AC9B9FAC-9120-4C42-9772-CE81F06627ED}.Release|Any CPU.Build.0 = Release|Any CPU
		{B380F27A-1D2E-4829-ADFD-0CCB3255C654}.Debug|Any CPU.ActiveCfg = Debug|Any CPU
		{B380F27A-1D2E-4829-ADFD-0CCB3255C654}.Debug|Any CPU.Build.0 = Debug|Any CPU
		{B380F27A-1D2E-4829-ADFD-0CCB3255C654}.Release|Any CPU.ActiveCfg = Release|Any CPU
		{B380F27A-1D2E-4829-ADFD-0CCB3255C654}.Release|Any CPU.Build.0 = Release|Any CPU
	EndGlobalSection
	GlobalSection(SolutionProperties) = preSolution
		HideSolutionNode = FALSE
	EndGlobalSection
	GlobalSection(ExtensibilityGlobals) = postSolution
		SolutionGuid = {69E8BE06-73F0-410A-AA9C-46E7755466A7}
	EndGlobalSection
EndGlobal
